
Microsoft Visual Studio Solution File, Format Version 12.00
# Visual Studio Version 17
VisualStudioVersion = 17.3.32929.385
MinimumVisualStudioVersion = 10.0.40219.1
Project("{FAE04EC0-301F-11D3-BF4B-00C04F79EFBC}") = "WebEMarket", "WebEMarket\WebEMarket.csproj", "{F4123637-A5A2-4464-9C83-846C08C497DE}"
EndProject
Global
	GlobalSection(SolutionConfigurationPlatforms) = preSolution
		Debug|Any CPU = Debug|Any CPU
		Release|Any CPU = Release|Any CPU
	EndGlobalSection
	GlobalSection(ProjectConfigurationPlatforms) = postSolution
		{F4123637-A5A2-4464-9C83-846C08C497DE}.Debug|Any CPU.ActiveCfg = Debug|Any CPU
		{F4123637-A5A2-4464-9C83-846C08C497DE}.Debug|Any CPU.Build.0 = Debug|Any CPU
		{F4123637-A5A2-4464-9C83-846C08C497DE}.Release|Any CPU.ActiveCfg = Release|Any CPU
		{F4123637-A5A2-4464-9C83-846C08C497DE}.Release|Any CPU.Build.0 = Release|Any CPU
	EndGlobalSection
	GlobalSection(SolutionProperties) = preSolution
		HideSolutionNode = FALSE
	EndGlobalSection
	GlobalSection(ExtensibilityGlobals) = postSolution
		SolutionGuid = {E0A102CC-1760-4C12-A24F-327CE16579E0}
	EndGlobalSection
EndGlobal
